
Microsoft Visual Studio Solution File, Format Version 12.00
# Visual Studio 15
VisualStudioVersion = 15.0.28307.329
MinimumVisualStudioVersion = 10.0.40219.1
Project("{9A19103F-16F7-4668-BE54-9A1E7A4F7556}") = "JustABackup.PluginRepository", "JustABackup.PluginRepository\JustABackup.PluginRepository.csproj", "{72E75638-2E67-44B5-AB26-F56B20B79902}"
EndProject
Project("{FAE04EC0-301F-11D3-BF4B-00C04F79EFBC}") = "JustABackup.PluginRepository.Database", "JustABackup.PluginRepository.Database\JustABackup.PluginRepository.Database.csproj", "{0CB6F05E-219D-4254-A7F8-C2C77EC4CD83}"
EndProject
Global
	GlobalSection(SolutionConfigurationPlatforms) = preSolution
		Debug|Any CPU = Debug|Any CPU
		Release|Any CPU = Release|Any CPU
	EndGlobalSection
	GlobalSection(ProjectConfigurationPlatforms) = postSolution
		{72E75638-2E67-44B5-AB26-F56B20B79902}.Debug|Any CPU.ActiveCfg = Debug|Any CPU
		{72E75638-2E67-44B5-AB26-F56B20B79902}.Debug|Any CPU.Build.0 = Debug|Any CPU
		{72E75638-2E67-44B5-AB26-F56B20B79902}.Release|Any CPU.ActiveCfg = Release|Any CPU
		{72E75638-2E67-44B5-AB26-F56B20B79902}.Release|Any CPU.Build.0 = Release|Any CPU
		{0CB6F05E-219D-4254-A7F8-C2C77EC4CD83}.Debug|Any CPU.ActiveCfg = Debug|Any CPU
		{0CB6F05E-219D-4254-A7F8-C2C77EC4CD83}.Debug|Any CPU.Build.0 = Debug|Any CPU
		{0CB6F05E-219D-4254-A7F8-C2C77EC4CD83}.Release|Any CPU.ActiveCfg = Release|Any CPU
		{0CB6F05E-219D-4254-A7F8-C2C77EC4CD83}.Release|Any CPU.Build.0 = Release|Any CPU
	EndGlobalSection
	GlobalSection(SolutionProperties) = preSolution
		HideSolutionNode = FALSE
	EndGlobalSection
	GlobalSection(ExtensibilityGlobals) = postSolution
		SolutionGuid = {8B048EB6-A47D-4494-BE92-1000455EDFE8}
	EndGlobalSection
EndGlobal
